{
  "name": "temrec",
  "version": "3.8.3",
  "lockfileVersion": 2,
  "requires": true,
  "packages": {
    "": {
      "name": "temrec",
      "version": "3.8.3",
      "license": "MIT",
      "dependencies": {
        "commander": "^9.3.0",
        "demrec": "^5.6.3",
        "despair": "^2.1.2"
      },
      "bin": {
        "temrec": "bin/temrec.js"
      }
    },
    "node_modules/commander": {
      "version": "9.3.0",
      "resolved": "https://registry.npmjs.org/commander/-/commander-9.3.0.tgz",
      "integrity": "sha512-hv95iU5uXPbK83mjrJKuZyFM/LBAoCV/XhVGkS5Je6tl7sxr6A0ITMw5WoRV46/UaJ46Nllm3Xt7IaJhXTIkzw==",
      "engines": {
        "node": "^12.20.0 || >=14"
      }
    },
    "node_modules/demrec": {
      "version": "5.6.3",
      "resolved": "https://registry.npmjs.org/demrec/-/demrec-5.6.3.tgz",
      "integrity": "sha512-tHEELNwe4+RhWTzJDGRJ0iYFbFBewXWsb0hAtOT21ljBJ9rfXgz3FiCwMMnhqp6k4rDmPJ/whA8YlTTAuA4Vsw=="
    },
    "node_modules/despair": {
      "version": "2.1.2",
      "license": "MIT"
    }
  },
  "dependencies": {
    "commander": {
      "version": "9.3.0",
      "resolved": "https://registry.npmjs.org/commander/-/commander-9.3.0.tgz",
      "integrity": "sha512-hv95iU5uXPbK83mjrJKuZyFM/LBAoCV/XhVGkS5Je6tl7sxr6A0ITMw5WoRV46/UaJ46Nllm3Xt7IaJhXTIkzw=="
    },
    "demrec": {
      "version": "5.6.3",
      "resolved": "https://registry.npmjs.org/demrec/-/demrec-5.6.3.tgz",
      "integrity": "sha512-tHEELNwe4+RhWTzJDGRJ0iYFbFBewXWsb0hAtOT21ljBJ9rfXgz3FiCwMMnhqp6k4rDmPJ/whA8YlTTAuA4Vsw=="
    },
    "despair": {
      "version": "2.1.2"
    }
  }
}
